
Microsoft Visual Studio Solution File, Format Version 12.00
# Visual Studio Version 17
VisualStudioVersion = 17.4.33110.190
MinimumVisualStudioVersion = 10.0.40219.1
Project("{FAE04EC0-301F-11D3-BF4B-00C04F79EFBC}") = "Week8EpicGame", "Week8EpicGame\Week8EpicGame.csproj", "{75E20E00-4687-462A-BEF5-A0D7A455F722}"
EndProject
Global
	GlobalSection(SolutionConfigurationPlatforms) = preSolution
		Debug|Any CPU = Debug|Any CPU
		Release|Any CPU = Release|Any CPU
	EndGlobalSection
	GlobalSection(ProjectConfigurationPlatforms) = postSolution
		{75E20E00-4687-462A-BEF5-A0D7A455F722}.Debug|Any CPU.ActiveCfg = Debug|Any CPU
		{75E20E00-4687-462A-BEF5-A0D7A455F722}.Debug|Any CPU.Build.0 = Debug|Any CPU
		{75E20E00-4687-462A-BEF5-A0D7A455F722}.Release|Any CPU.ActiveCfg = Release|Any CPU
		{75E20E00-4687-462A-BEF5-A0D7A455F722}.Release|Any CPU.Build.0 = Release|Any CPU
	EndGlobalSection
	GlobalSection(SolutionProperties) = preSolution
		HideSolutionNode = FALSE
	EndGlobalSection
	GlobalSection(ExtensibilityGlobals) = postSolution
		SolutionGuid = {971B005F-6DF5-4C0D-9531-F757764365EA}
	EndGlobalSection
EndGlobal
